// !$*UTF8*$!
{
	archiveVersion = 1;
	classes = {
	};
	objectVersion = 50;
	objects = {

/* Begin PBXBuildFile section */
		1835F76A26ADCDD700FFB646 /* AppDelegate.swift in Sources */ = {isa = PBXBuildFile; fileRef = 1835F76926ADCDD700FFB646 /* AppDelegate.swift */; };
		1835F76C26ADCDD700FFB646 /* SceneDelegate.swift in Sources */ = {isa = PBXBuildFile; fileRef = 1835F76B26ADCDD700FFB646 /* SceneDelegate.swift */; };
		1835F76E26ADCDD700FFB646 /* ContentView.swift in Sources */ = {isa = PBXBuildFile; fileRef = 1835F76D26ADCDD700FFB646 /* ContentView.swift */; };
		1835F77026ADCDD900FFB646 /* Assets.xcassets in Resources */ = {isa = PBXBuildFile; fileRef = 1835F76F26ADCDD900FFB646 /* Assets.xcassets */; };
		1835F77326ADCDD900FFB646 /* Preview Assets.xcassets in Resources */ = {isa = PBXBuildFile; fileRef = 1835F77226ADCDD900FFB646 /* Preview Assets.xcassets */; };
		1835F77626ADCDD900FFB646 /* LaunchScreen.storyboard in Resources */ = {isa = PBXBuildFile; fileRef = 1835F77426ADCDD900FFB646 /* LaunchScreen.storyboard */; };
		1835F78126ADCDD900FFB646 /* example_iosTests.swift in Sources */ = {isa = PBXBuildFile; fileRef = 1835F78026ADCDD900FFB646 /* example_iosTests.swift */; };
		1835F78C26ADCDD900FFB646 /* example_iosUITests.swift in Sources */ = {isa = PBXBuildFile; fileRef = 1835F78B26ADCDD900FFB646 /* example_iosUITests.swift */; };
/* End PBXBuildFile section */

/* Begin PBXContainerItemProxy section */
		1835F77D26ADCDD900FFB646 /* PBXContainerItemProxy */ = {
			isa = PBXContainerItemProxy;
			containerPortal = 1835F75E26ADCDD700FFB646 /* Project object */;
			proxyType = 1;
			remoteGlobalIDString = 1835F76526ADCDD700FFB646;
			remoteInfo = "example-ios";
		};
		1835F78826ADCDD900FFB646 /* PBXContainerItemProxy */ = {
			isa = PBXContainerItemProxy;
			containerPortal = 1835F75E26ADCDD700FFB646 /* Project object */;
			proxyType = 1;
			remoteGlobalIDString = 1835F76526ADCDD700FFB646;
			remoteInfo = "example-ios";
		};
/* End PBXContainerItemProxy section */

/* Begin PBXFileReference section */
		1835F76626ADCDD700FFB646 /* example-ios.app */ = {isa = PBXFileReference; explicitFileType = wrapper.application; includeInIndex = 0; path = "example-ios.app"; sourceTree = BUILT_PRODUCTS_DIR; };
		1835F76926ADCDD700FFB646 /* AppDelegate.swift */ = {isa = PBXFileReference; lastKnownFileType = sourcecode.swift; path = AppDelegate.swift; sourceTree = "<group>"; };
		1835F76B26ADCDD700FFB646 /* SceneDelegate.swift */ = {isa = PBXFileReference; lastKnownFileType = sourcecode.swift; path = SceneDelegate.swift; sourceTree = "<group>"; };
		1835F76D26ADCDD700FFB646 /* ContentView.swift */ = {isa = PBXFileReference; lastKnownFileType = sourcecode.swift; path = ContentView.swift; sourceTree = "<group>"; };
		1835F76F26ADCDD900FFB646 /* Assets.xcassets */ = {isa = PBXFileReference; lastKnownFileType = folder.assetcatalog; path = Assets.xcassets; sourceTree = "<group>"; };
		1835F77226ADCDD900FFB646 /* Preview Assets.xcassets */ = {isa = PBXFileReference; lastKnownFileType = folder.assetcatalog; path = "Preview Assets.xcassets"; sourceTree = "<group>"; };
		1835F77526ADCDD900FFB646 /* Base */ = {isa = PBXFileReference; lastKnownFileType = file.storyboard; name = Base; path = Base.lproj/LaunchScreen.storyboard; sourceTree = "<group>"; };
		1835F77726ADCDD900FFB646 /* Info.plist */ = {isa = PBXFileReference; lastKnownFileType = text.plist.xml; path = Info.plist; sourceTree = "<group>"; };
		1835F77C26ADCDD900FFB646 /* example-iosTests.xctest */ = {isa = PBXFileReference; explicitFileType = wrapper.cfbundle; includeInIndex = 0; path = "example-iosTests.xctest"; sourceTree = BUILT_PRODUCTS_DIR; };
		1835F78026ADCDD900FFB646 /* example_iosTests.swift */ = {isa = PBXFileReference; lastKnownFileType = sourcecode.swift; path = example_iosTests.swift; sourceTree = "<group>"; };
		1835F78226ADCDD900FFB646 /* Info.plist */ = {isa = PBXFileReference; lastKnownFileType = text.plist.xml; path = Info.plist; sourceTree = "<group>"; };
		1835F78726ADCDD900FFB646 /* example-iosUITests.xctest */ = {isa = PBXFileReference; explicitFileType = wrapper.cfbundle; includeInIndex = 0; path = "example-iosUITests.xctest"; sourceTree = BUILT_PRODUCTS_DIR; };
		1835F78B26ADCDD900FFB646 /* example_iosUITests.swift */ = {isa = PBXFileReference; lastKnownFileType = sourcecode.swift; path = example_iosUITests.swift; sourceTree = "<group>"; };
		1835F78D26ADCDD900FFB646 /* Info.plist */ = {isa = PBXFileReference; lastKnownFileType = text.plist.xml; path = Info.plist; sourceTree = "<group>"; };
/* End PBXFileReference section */

/* Begin PBXFrameworksBuildPhase section */
		1835F76326ADCDD700FFB646 /* Frameworks */ = {
			isa = PBXFrameworksBuildPhase;
			buildActionMask = 2147483647;
			files = (
			);
			runOnlyForDeploymentPostprocessing = 0;
		};
		1835F77926ADCDD900FFB646 /* Frameworks */ = {
			isa = PBXFrameworksBuildPhase;
			buildActionMask = 2147483647;
			files = (
			);
			runOnlyForDeploymentPostprocessing = 0;
		};
		1835F78426ADCDD900FFB646 /* Frameworks */ = {
			isa = PBXFrameworksBuildPhase;
			buildActionMask = 2147483647;
			files = (
			);
			runOnlyForDeploymentPostprocessing = 0;
		};
/* End PBXFrameworksBuildPhase section */

/* Begin PBXGroup section */
		1835F75D26ADCDD700FFB646 = {
			isa = PBXGroup;
			children = (
				1835F76826ADCDD700FFB646 /* example-ios */,
				1835F77F26ADCDD900FFB646 /* example-iosTests */,
				1835F78A26ADCDD900FFB646 /* example-iosUITests */,
				1835F76726ADCDD700FFB646 /* Products */,
			);
			sourceTree = "<group>";
		};
		1835F76726ADCDD700FFB646 /* Products */ = {
			isa = PBXGroup;
			children = (
				1835F76626ADCDD700FFB646 /* example-ios.app */,
				1835F77C26ADCDD900FFB646 /* example-iosTests.xctest */,
				1835F78726ADCDD900FFB646 /* example-iosUITests.xctest */,
			);
			name = Products;
			sourceTree = "<group>";
		};
		1835F76826ADCDD700FFB646 /* example-ios */ = {
			isa = PBXGroup;
			children = (
				1835F76926ADCDD700FFB646 /* AppDelegate.swift */,
				1835F76B26ADCDD700FFB646 /* SceneDelegate.swift */,
				1835F76D26ADCDD700FFB646 /* ContentView.swift */,
				1835F76F26ADCDD900FFB646 /* Assets.xcassets */,
				1835F77426ADCDD900FFB646 /* LaunchScreen.storyboard */,
				1835F77726ADCDD900FFB646 /* Info.plist */,
				1835F77126ADCDD900FFB646 /* Preview Content */,
			);
			path = "example-ios";
			sourceTree = "<group>";
		};
		1835F77126ADCDD900FFB646 /* Preview Content */ = {
			isa = PBXGroup;
			children = (
				1835F77226ADCDD900FFB646 /* Preview Assets.xcassets */,
			);
			path = "Preview Content";
			sourceTree = "<group>";
		};
		1835F77F26ADCDD900FFB646 /* example-iosTests */ = {
			isa = PBXGroup;
			children = (
				1835F78026ADCDD900FFB646 /* example_iosTests.swift */,
				1835F78226ADCDD900FFB646 /* Info.plist */,
			);
			path = "example-iosTests";
			sourceTree = "<group>";
		};
		1835F78A26ADCDD900FFB646 /* example-iosUITests */ = {
			isa = PBXGroup;
			children = (
				1835F78B26ADCDD900FFB646 /* example_iosUITests.swift */,
				1835F78D26ADCDD900FFB646 /* Info.plist */,
			);
			path = "example-iosUITests";
			sourceTree = "<group>";
		};
/* End PBXGroup section */

/* Begin PBXNativeTarget section */
		1835F76526ADCDD700FFB646 /* example-ios */ = {
			isa = PBXNativeTarget;
			buildConfigurationList = 1835F79026ADCDD900FFB646 /* Build configuration list for PBXNativeTarget "example-ios" */;
			buildPhases = (
				1835F76226ADCDD700FFB646 /* Sources */,
				1835F76326ADCDD700FFB646 /* Frameworks */,
				1835F76426ADCDD700FFB646 /* Resources */,
			);
			buildRules = (
			);
			dependencies = (
			);
			name = "example-ios";
			productName = "example-ios";
			productReference = 1835F76626ADCDD700FFB646 /* example-ios.app */;
			productType = "com.apple.product-type.application";
		};
		1835F77B26ADCDD900FFB646 /* example-iosTests */ = {
			isa = PBXNativeTarget;
			buildConfigurationList = 1835F79326ADCDD900FFB646 /* Build configuration list for PBXNativeTarget "example-iosTests" */;
			buildPhases = (
				1835F77826ADCDD900FFB646 /* Sources */,
				1835F77926ADCDD900FFB646 /* Frameworks */,
				1835F77A26ADCDD900FFB646 /* Resources */,
			);
			buildRules = (
			);
			dependencies = (
				1835F77E26ADCDD900FFB646 /* PBXTargetDependency */,
			);
			name = "example-iosTests";
			productName = "example-iosTests";
			productReference = 1835F77C26ADCDD900FFB646 /* example-iosTests.xctest */;
			productType = "com.apple.product-type.bundle.unit-test";
		};
		1835F78626ADCDD900FFB646 /* example-iosUITests */ = {
			isa = PBXNativeTarget;
			buildConfigurationList = 1835F79626ADCDD900FFB646 /* Build configuration list for PBXNativeTarget "example-iosUITests" */;
			buildPhases = (
				1835F78326ADCDD900FFB646 /* Sources */,
				1835F78426ADCDD900FFB646 /* Frameworks */,
				1835F78526ADCDD900FFB646 /* Resources */,
			);
			buildRules = (
			);
			dependencies = (
				1835F78926ADCDD900FFB646 /* PBXTargetDependency */,
			);
			name = "example-iosUITests";
			productName = "example-iosUITests";
			productReference = 1835F78726ADCDD900FFB646 /* example-iosUITests.xctest */;
			productType = "com.apple.product-type.bundle.ui-testing";
		};
/* End PBXNativeTarget section */

/* Begin PBXProject section */
		1835F75E26ADCDD700FFB646 /* Project object */ = {
			isa = PBXProject;
			attributes = {
				LastSwiftUpdateCheck = 1250;
				LastUpgradeCheck = 1250;
				TargetAttributes = {
					1835F76526ADCDD700FFB646 = {
						CreatedOnToolsVersion = 12.5.1;
					};
					1835F77B26ADCDD900FFB646 = {
						CreatedOnToolsVersion = 12.5.1;
						TestTargetID = 1835F76526ADCDD700FFB646;
					};
					1835F78626ADCDD900FFB646 = {
						CreatedOnToolsVersion = 12.5.1;
						TestTargetID = 1835F76526ADCDD700FFB646;
					};
				};
			};
			buildConfigurationList = 1835F76126ADCDD700FFB646 /* Build configuration list for PBXProject "example-ios" */;
			compatibilityVersion = "Xcode 9.3";
			developmentRegion = en;
			hasScannedForEncodings = 0;
			knownRegions = (
				en,
				Base,
			);
			mainGroup = 1835F75D26ADCDD700FFB646;
			productRefGroup = 1835F76726ADCDD700FFB646 /* Products */;
			projectDirPath = "";
			projectRoot = "";
			targets = (
				1835F76526ADCDD700FFB646 /* example-ios */,
				1835F77B26ADCDD900FFB646 /* example-iosTests */,
				1835F78626ADCDD900FFB646 /* example-iosUITests */,
			);
		};
/* End PBXProject section */

/* Begin PBXResourcesBuildPhase section */
		1835F76426ADCDD700FFB646 /* Resources */ = {
			isa = PBXResourcesBuildPhase;
			buildActionMask = 2147483647;
			files = (
				1835F77626ADCDD900FFB646 /* LaunchScreen.storyboard in Resources */,
				1835F77326ADCDD900FFB646 /* Preview Assets.xcassets in Resources */,
				1835F77026ADCDD900FFB646 /* Assets.xcassets in Resources */,
			);
			runOnlyForDeploymentPostprocessing = 0;
		};
		1835F77A26ADCDD900FFB646 /* Resources */ = {
			isa = PBXResourcesBuildPhase;
			buildActionMask = 2147483647;
			files = (
			);
			runOnlyForDeploymentPostprocessing = 0;
		};
		1835F78526ADCDD900FFB646 /* Resources */ = {
			isa = PBXResourcesBuildPhase;
			buildActionMask = 2147483647;
			files = (
			);
			runOnlyForDeploymentPostprocessing = 0;
		};
/* End PBXResourcesBuildPhase section */

/* Begin PBXSourcesBuildPhase section */
		1835F76226ADCDD700FFB646 /* Sources */ = {
			isa = PBXSourcesBuildPhase;
			buildActionMask = 2147483647;
			files = (
				1835F76A26ADCDD700FFB646 /* AppDelegate.swift in Sources */,
				1835F76C26ADCDD700FFB646 /* SceneDelegate.swift in Sources */,
				1835F76E26ADCDD700FFB646 /* ContentView.swift in Sources */,
			);
			runOnlyForDeploymentPostprocessing = 0;
		};
		1835F77826ADCDD900FFB646 /* Sources */ = {
			isa = PBXSourcesBuildPhase;
			buildActionMask = 2147483647;
			files = (
				1835F78126ADCDD900FFB646 /* example_iosTests.swift in Sources */,
			);
			runOnlyForDeploymentPostprocessing = 0;
		};
		1835F78326ADCDD900FFB646 /* Sources */ = {
			isa = PBXSourcesBuildPhase;
			buildActionMask = 2147483647;
			files = (
				1835F78C26ADCDD900FFB646 /* example_iosUITests.swift in Sources */,
			);
			runOnlyForDeploymentPostprocessing = 0;
		};
/* End PBXSourcesBuildPhase section */

/* Begin PBXTargetDependency section */
		1835F77E26ADCDD900FFB646 /* PBXTargetDependency */ = {
			isa = PBXTargetDependency;
			target = 1835F76526ADCDD700FFB646 /* example-ios */;
			targetProxy = 1835F77D26ADCDD900FFB646 /* PBXContainerItemProxy */;
		};
		1835F78926ADCDD900FFB646 /* PBXTargetDependency */ = {
			isa = PBXTargetDependency;
			target = 1835F76526ADCDD700FFB646 /* example-ios */;
			targetProxy = 1835F78826ADCDD900FFB646 /* PBXContainerItemProxy */;
		};
/* End PBXTargetDependency section */

/* Begin PBXVariantGroup section */
		1835F77426ADCDD900FFB646 /* LaunchScreen.storyboard */ = {
			isa = PBXVariantGroup;
			children = (
				1835F77526ADCDD900FFB646 /* Base */,
			);
			name = LaunchScreen.storyboard;
			sourceTree = "<group>";
		};
/* End PBXVariantGroup section */

/* Begin XCBuildConfiguration section */
		1835F78E26ADCDD900FFB646 /* Debug */ = {
			isa = XCBuildConfiguration;
			buildSettings = {
				ALWAYS_SEARCH_USER_PATHS = NO;
				CLANG_ANALYZER_NONNULL = YES;
				CLANG_ANALYZER_NUMBER_OBJECT_CONVERSION = YES_AGGRESSIVE;
				CLANG_CXX_LANGUAGE_STANDARD = "gnu++14";
				CLANG_CXX_LIBRARY = "libc++";
				CLANG_ENABLE_MODULES = YES;
				CLANG_ENABLE_OBJC_ARC = YES;
				CLANG_ENABLE_OBJC_WEAK = YES;
				CLANG_WARN_BLOCK_CAPTURE_AUTORELEASING = YES;
				CLANG_WARN_BOOL_CONVERSION = YES;
				CLANG_WARN_COMMA = YES;
				CLANG_WARN_CONSTANT_CONVERSION = YES;
				CLANG_WARN_DEPRECATED_OBJC_IMPLEMENTATIONS = YES;
				CLANG_WARN_DIRECT_OBJC_ISA_USAGE = YES_ERROR;
				CLANG_WARN_DOCUMENTATION_COMMENTS = YES;
				CLANG_WARN_EMPTY_BODY = YES;
				CLANG_WARN_ENUM_CONVERSION = YES;
				CLANG_WARN_INFINITE_RECURSION = YES;
				CLANG_WARN_INT_CONVERSION = YES;
				CLANG_WARN_NON_LITERAL_NULL_CONVERSION = YES;
				CLANG_WARN_OBJC_IMPLICIT_RETAIN_SELF = YES;
				CLANG_WARN_OBJC_LITERAL_CONVERSION = YES;
				CLANG_WARN_OBJC_ROOT_CLASS = YES_ERROR;
				CLANG_WARN_QUOTED_INCLUDE_IN_FRAMEWORK_HEADER = YES;
				CLANG_WARN_RANGE_LOOP_ANALYSIS = YES;
				CLANG_WARN_STRICT_PROTOTYPES = YES;
				CLANG_WARN_SUSPICIOUS_MOVE = YES;
				CLANG_WARN_UNGUARDED_AVAILABILITY = YES_AGGRESSIVE;
				CLANG_WARN_UNREACHABLE_CODE = YES;
				CLANG_WARN__DUPLICATE_METHOD_MATCH = YES;
				COPY_PHASE_STRIP = NO;
				DEBUG_INFORMATION_FORMAT = dwarf;
				ENABLE_STRICT_OBJC_MSGSEND = YES;
				ENABLE_TESTABILITY = YES;
				GCC_C_LANGUAGE_STANDARD = gnu11;
				GCC_DYNAMIC_NO_PIC = NO;
				GCC_NO_COMMON_BLOCKS = YES;
				GCC_OPTIMIZATION_LEVEL = 0;
				GCC_PREPROCESSOR_DEFINITIONS = (
					"DEBUG=1",
					"$(inherited)",
				);
				GCC_WARN_64_TO_32_BIT_CONVERSION = YES;
				GCC_WARN_ABOUT_RETURN_TYPE = YES_ERROR;
				GCC_WARN_UNDECLARED_SELECTOR = YES;
				GCC_WARN_UNINITIALIZED_AUTOS = YES_AGGRESSIVE;
				GCC_WARN_UNUSED_FUNCTION = YES;
				GCC_WARN_UNUSED_VARIABLE = YES;
				IPHONEOS_DEPLOYMENT_TARGET = 14.5;
				MTL_ENABLE_DEBUG_INFO = INCLUDE_SOURCE;
				MTL_FAST_MATH = YES;
				ONLY_ACTIVE_ARCH = YES;
				SDKROOT = iphoneos;
				SWIFT_ACTIVE_COMPILATION_CONDITIONS = DEBUG;
				SWIFT_OPTIMIZATION_LEVEL = "-Onone";
			};
			name = Debug;
		};
		1835F78F26ADCDD900FFB646 /* Release */ = {
			isa = XCBuildConfiguration;
			buildSettings = {
				ALWAYS_SEARCH_USER_PATHS = NO;
				CLANG_ANALYZER_NONNULL = YES;
				CLANG_ANALYZER_NUMBER_OBJECT_CONVERSION = YES_AGGRESSIVE;
				CLANG_CXX_LANGUAGE_STANDARD = "gnu++14";
				CLANG_CXX_LIBRARY = "libc++";
				CLANG_ENABLE_MODULES = YES;
				CLANG_ENABLE_OBJC_ARC = YES;
				CLANG_ENABLE_OBJC_WEAK = YES;
				CLANG_WARN_BLOCK_CAPTURE_AUTORELEASING = YES;
				CLANG_WARN_BOOL_CONVERSION = YES;
				CLANG_WARN_COMMA = YES;
				CLANG_WARN_CONSTANT_CONVERSION = YES;
				CLANG_WARN_DEPRECATED_OBJC_IMPLEMENTATIONS = YES;
				CLANG_WARN_DIRECT_OBJC_ISA_USAGE = YES_ERROR;
				CLANG_WARN_DOCUMENTATION_COMMENTS = YES;
				CLANG_WARN_EMPTY_BODY = YES;
				CLANG_WARN_ENUM_CONVERSION = YES;
				CLANG_WARN_INFINITE_RECURSION = YES;
				CLANG_WARN_INT_CONVERSION = YES;
				CLANG_WARN_NON_LITERAL_NULL_CONVERSION = YES;
				CLANG_WARN_OBJC_IMPLICIT_RETAIN_SELF = YES;
				CLANG_WARN_OBJC_LITERAL_CONVERSION = YES;
				CLANG_WARN_OBJC_ROOT_CLASS = YES_ERROR;
				CLANG_WARN_QUOTED_INCLUDE_IN_FRAMEWORK_HEADER = YES;
				CLANG_WARN_RANGE_LOOP_ANALYSIS = YES;
				CLANG_WARN_STRICT_PROTOTYPES = YES;
				CLANG_WARN_SUSPICIOUS_MOVE = YES;
				CLANG_WARN_UNGUARDED_AVAILABILITY = YES_AGGRESSIVE;
				CLANG_WARN_UNREACHABLE_CODE = YES;
				CLANG_WARN__DUPLICATE_METHOD_MATCH = YES;
				COPY_PHASE_STRIP = NO;
				DEBUG_INFORMATION_FORMAT = "dwarf-with-dsym";
				ENABLE_NS_ASSERTIONS = NO;
				ENABLE_STRICT_OBJC_MSGSEND = YES;
				GCC_C_LANGUAGE_STANDARD = gnu11;
				GCC_NO_COMMON_BLOCKS = YES;
				GCC_WARN_64_TO_32_BIT_CONVERSION = YES;
				GCC_WARN_ABOUT_RETURN_TYPE = YES_ERROR;
				GCC_WARN_UNDECLARED_SELECTOR = YES;
				GCC_WARN_UNINITIALIZED_AUTOS = YES_AGGRESSIVE;
				GCC_WARN_UNUSED_FUNCTION = YES;
				GCC_WARN_UNUSED_VARIABLE = YES;
				IPHONEOS_DEPLOYMENT_TARGET = 14.5;
				MTL_ENABLE_DEBUG_INFO = NO;
				MTL_FAST_MATH = YES;
				SDKROOT = iphoneos;
				SWIFT_COMPILATION_MODE = wholemodule;
				SWIFT_OPTIMIZATION_LEVEL = "-O";
				VALIDATE_PRODUCT = YES;
			};
			name = Release;
		};
		1835F79126ADCDD900FFB646 /* Debug */ = {
			isa = XCBuildConfiguration;
			buildSettings = {
				ASSETCATALOG_COMPILER_APPICON_NAME = AppIcon;
				ASSETCATALOG_COMPILER_GLOBAL_ACCENT_COLOR_NAME = AccentColor;
				CODE_SIGN_STYLE = Automatic;
				DEVELOPMENT_ASSET_PATHS = "\"example-ios/Preview Content\"";
				ENABLE_PREVIEWS = YES;
				INFOPLIST_FILE = "example-ios/Info.plist";
				LD_RUNPATH_SEARCH_PATHS = (
					"$(inherited)",
					"@executable_path/Frameworks",
				);
				PRODUCT_BUNDLE_IDENTIFIER = "com.demo.example-ios";
				PRODUCT_NAME = "$(TARGET_NAME)";
				SWIFT_VERSION = 5.0;
				TARGETED_DEVICE_FAMILY = "1,2";
			};
			name = Debug;
		};
		1835F79226ADCDD900FFB646 /* Release */ = {
			isa = XCBuildConfiguration;
			buildSettings = {
				ASSETCATALOG_COMPILER_APPICON_NAME = AppIcon;
				ASSETCATALOG_COMPILER_GLOBAL_ACCENT_COLOR_NAME = AccentColor;
				CODE_SIGN_STYLE = Automatic;
				DEVELOPMENT_ASSET_PATHS = "\"example-ios/Preview Content\"";
				ENABLE_PREVIEWS = YES;
				INFOPLIST_FILE = "example-ios/Info.plist";
				LD_RUNPATH_SEARCH_PATHS = (
					"$(inherited)",
					"@executable_path/Frameworks",
				);
				PRODUCT_BUNDLE_IDENTIFIER = "com.demo.example-ios";
				PRODUCT_NAME = "$(TARGET_NAME)";
				SWIFT_VERSION = 5.0;
				TARGETED_DEVICE_FAMILY = "1,2";
			};
			name = Release;
		};
		1835F79426ADCDD900FFB646 /* Debug */ = {
			isa = XCBuildConfiguration;
			buildSettings = {
				ALWAYS_EMBED_SWIFT_STANDARD_LIBRARIES = YES;
				BUNDLE_LOADER = "$(TEST_HOST)";
				CODE_SIGN_STYLE = Automatic;
				INFOPLIST_FILE = "example-iosTests/Info.plist";
				IPHONEOS_DEPLOYMENT_TARGET = 14.5;
				LD_RUNPATH_SEARCH_PATHS = (
					"$(inherited)",
					"@executable_path/Frameworks",
					"@loader_path/Frameworks",
				);
				PRODUCT_BUNDLE_IDENTIFIER = "com.demo.example-iosTests";
				PRODUCT_NAME = "$(TARGET_NAME)";
				SWIFT_VERSION = 5.0;
				TARGETED_DEVICE_FAMILY = "1,2";
				TEST_HOST = "$(BUILT_PRODUCTS_DIR)/example-ios.app/example-ios";
			};
			name = Debug;
		};
		1835F79526ADCDD900FFB646 /* Release */ = {
			isa = XCBuildConfiguration;
			buildSettings = {
				ALWAYS_EMBED_SWIFT_STANDARD_LIBRARIES = YES;
				BUNDLE_LOADER = "$(TEST_HOST)";
				CODE_SIGN_STYLE = Automatic;
				INFOPLIST_FILE = "example-iosTests/Info.plist";
				IPHONEOS_DEPLOYMENT_TARGET = 14.5;
				LD_RUNPATH_SEARCH_PATHS = (
					"$(inherited)",
					"@executable_path/Frameworks",
					"@loader_path/Frameworks",
				);
				PRODUCT_BUNDLE_IDENTIFIER = "com.demo.example-iosTests";
				PRODUCT_NAME = "$(TARGET_NAME)";
				SWIFT_VERSION = 5.0;
				TARGETED_DEVICE_FAMILY = "1,2";
				TEST_HOST = "$(BUILT_PRODUCTS_DIR)/example-ios.app/example-ios";
			};
			name = Release;
		};
		1835F79726ADCDD900FFB646 /* Debug */ = {
			isa = XCBuildConfiguration;
			buildSettings = {
				ALWAYS_EMBED_SWIFT_STANDARD_LIBRARIES = YES;
				CODE_SIGN_STYLE = Automatic;
				INFOPLIST_FILE = "example-iosUITests/Info.plist";
				LD_RUNPATH_SEARCH_PATHS = (
					"$(inherited)",
					"@executable_path/Frameworks",
					"@loader_path/Frameworks",
				);
				PRODUCT_BUNDLE_IDENTIFIER = "com.demo.example-iosUITests";
				PRODUCT_NAME = "$(TARGET_NAME)";
				SWIFT_VERSION = 5.0;
				TARGETED_DEVICE_FAMILY = "1,2";
				TEST_TARGET_NAME = "example-ios";
			};
			name = Debug;
		};
		1835F79826ADCDD900FFB646 /* Release */ = {
			isa = XCBuildConfiguration;
			buildSettings = {
				ALWAYS_EMBED_SWIFT_STANDARD_LIBRARIES = YES;
				CODE_SIGN_STYLE = Automatic;
				INFOPLIST_FILE = "example-iosUITests/Info.plist";
				LD_RUNPATH_SEARCH_PATHS = (
					"$(inherited)",
					"@executable_path/Frameworks",
					"@loader_path/Frameworks",
				);
				PRODUCT_BUNDLE_IDENTIFIER = "com.demo.example-iosUITests";
				PRODUCT_NAME = "$(TARGET_NAME)";
				SWIFT_VERSION = 5.0;
				TARGETED_DEVICE_FAMILY = "1,2";
				TEST_TARGET_NAME = "example-ios";
			};
			name = Release;
		};
/* End XCBuildConfiguration section */

/* Begin XCConfigurationList section */
		1835F76126ADCDD700FFB646 /* Build configuration list for PBXProject "example-ios" */ = {
			isa = XCConfigurationList;
			buildConfigurations = (
				1835F78E26ADCDD900FFB646 /* Debug */,
				1835F78F26ADCDD900FFB646 /* Release */,
			);
			defaultConfigurationIsVisible = 0;
			defaultConfigurationName = Release;
		};
		1835F79026ADCDD900FFB646 /* Build configuration list for PBXNativeTarget "example-ios" */ = {
			isa = XCConfigurationList;
			buildConfigurations = (
				1835F79126ADCDD900FFB646 /* Debug */,
				1835F79226ADCDD900FFB646 /* Release */,
			);
			defaultConfigurationIsVisible = 0;
			defaultConfigurationName = Release;
		};
		1835F79326ADCDD900FFB646 /* Build configuration list for PBXNativeTarget "example-iosTests" */ = {
			isa = XCConfigurationList;
			buildConfigurations = (
				1835F79426ADCDD900FFB646 /* Debug */,
				1835F79526ADCDD900FFB646 /* Release */,
			);
			defaultConfigurationIsVisible = 0;
			defaultConfigurationName = Release;
		};
		1835F79626ADCDD900FFB646 /* Build configuration list for PBXNativeTarget "example-iosUITests" */ = {
			isa = XCConfigurationList;
			buildConfigurations = (
				1835F79726ADCDD900FFB646 /* Debug */,
				1835F79826ADCDD900FFB646 /* Release */,
			);
			defaultConfigurationIsVisible = 0;
			defaultConfigurationName = Release;
		};
/* End XCConfigurationList section */
	};
	rootObject = 1835F75E26ADCDD700FFB646 /* Project object */;
}
